// !$*UTF8*$!
{
	archiveVersion = 1;
	classes = {
	};
	objectVersion = 56;
	objects = {

/* Begin PBXBuildFile section */
		220AE9F729387A420061143C /* UserDetailsSwiftUIAppApp.swift in Sources */ = {isa = PBXBuildFile; fileRef = 220AE9F629387A420061143C /* UserDetailsSwiftUIAppApp.swift */; };
		220AE9F929387A420061143C /* ContentView.swift in Sources */ = {isa = PBXBuildFile; fileRef = 220AE9F829387A420061143C /* ContentView.swift */; };
		220AE9FB29387A430061143C /* Assets.xcassets in Resources */ = {isa = PBXBuildFile; fileRef = 220AE9FA29387A430061143C /* Assets.xcassets */; };
		220AE9FE29387A430061143C /* Preview Assets.xcassets in Resources */ = {isa = PBXBuildFile; fileRef = 220AE9FD29387A430061143C /* Preview Assets.xcassets */; };
		22EB722B29387B830050EB38 /* UserModel.swift in Sources */ = {isa = PBXBuildFile; fileRef = 22EB722A29387B830050EB38 /* UserModel.swift */; };
		22EB722D29387C0C0050EB38 /* DB_Manager.swift in Sources */ = {isa = PBXBuildFile; fileRef = 22EB722C29387C0C0050EB38 /* DB_Manager.swift */; };
		22EB722F293886130050EB38 /* AddUserView.swift in Sources */ = {isa = PBXBuildFile; fileRef = 22EB722E293886130050EB38 /* AddUserView.swift */; };
		22EB7231293889B40050EB38 /* EditUser.swift in Sources */ = {isa = PBXBuildFile; fileRef = 22EB7230293889B40050EB38 /* EditUser.swift */; };
		3A4104620483222B5AEEA73C /* Pods_UserDetailsSwiftUIApp.framework in Frameworks */ = {isa = PBXBuildFile; fileRef = 41F02A78BA3DDD7C9E84264B /* Pods_UserDetailsSwiftUIApp.framework */; };
/* End PBXBuildFile section */

/* Begin PBXFileReference section */
		1240F4AC80AFEF05CCEDEBD2 /* Pods-UserDetailsSwiftUIApp.debug.xcconfig */ = {isa = PBXFileReference; includeInIndex = 1; lastKnownFileType = text.xcconfig; name = "Pods-UserDetailsSwiftUIApp.debug.xcconfig"; path = "Target Support Files/Pods-UserDetailsSwiftUIApp/Pods-UserDetailsSwiftUIApp.debug.xcconfig"; sourceTree = "<group>"; };
		220AE9F329387A420061143C /* UserDetailsSwiftUIApp.app */ = {isa = PBXFileReference; explicitFileType = wrapper.application; includeInIndex = 0; path = UserDetailsSwiftUIApp.app; sourceTree = BUILT_PRODUCTS_DIR; };
		220AE9F629387A420061143C /* UserDetailsSwiftUIAppApp.swift */ = {isa = PBXFileReference; lastKnownFileType = sourcecode.swift; path = UserDetailsSwiftUIAppApp.swift; sourceTree = "<group>"; };
		220AE9F829387A420061143C /* ContentView.swift */ = {isa = PBXFileReference; lastKnownFileType = sourcecode.swift; path = ContentView.swift; sourceTree = "<group>"; };
		220AE9FA29387A430061143C /* Assets.xcassets */ = {isa = PBXFileReference; lastKnownFileType = folder.assetcatalog; path = Assets.xcassets; sourceTree = "<group>"; };
		220AE9FD29387A430061143C /* Preview Assets.xcassets */ = {isa = PBXFileReference; lastKnownFileType = folder.assetcatalog; path = "Preview Assets.xcassets"; sourceTree = "<group>"; };
		22EB722A29387B830050EB38 /* UserModel.swift */ = {isa = PBXFileReference; lastKnownFileType = sourcecode.swift; path = UserModel.swift; sourceTree = "<group>"; };
		22EB722C29387C0C0050EB38 /* DB_Manager.swift */ = {isa = PBXFileReference; lastKnownFileType = sourcecode.swift; path = DB_Manager.swift; sourceTree = "<group>"; };
		22EB722E293886130050EB38 /* AddUserView.swift */ = {isa = PBXFileReference; lastKnownFileType = sourcecode.swift; path = AddUserView.swift; sourceTree = "<group>"; };
		22EB7230293889B40050EB38 /* EditUser.swift */ = {isa = PBXFileReference; lastKnownFileType = sourcecode.swift; path = EditUser.swift; sourceTree = "<group>"; };
		41F02A78BA3DDD7C9E84264B /* Pods_UserDetailsSwiftUIApp.framework */ = {isa = PBXFileReference; explicitFileType = wrapper.framework; includeInIndex = 0; path = Pods_UserDetailsSwiftUIApp.framework; sourceTree = BUILT_PRODUCTS_DIR; };
		ABA722CAA22B942500278EFC /* Pods-UserDetailsSwiftUIApp.release.xcconfig */ = {isa = PBXFileReference; includeInIndex = 1; lastKnownFileType = text.xcconfig; name = "Pods-UserDetailsSwiftUIApp.release.xcconfig"; path = "Target Support Files/Pods-UserDetailsSwiftUIApp/Pods-UserDetailsSwiftUIApp.release.xcconfig"; sourceTree = "<group>"; };
/* End PBXFileReference section */

/* Begin PBXFrameworksBuildPhase section */
		220AE9F029387A420061143C /* Frameworks */ = {
			isa = PBXFrameworksBuildPhase;
			buildActionMask = 2147483647;
			files = (
				3A4104620483222B5AEEA73C /* Pods_UserDetailsSwiftUIApp.framework in Frameworks */,
			);
			runOnlyForDeploymentPostprocessing = 0;
		};
/* End PBXFrameworksBuildPhase section */

/* Begin PBXGroup section */
		220AE9EA29387A420061143C = {
			isa = PBXGroup;
			children = (
				220AE9F529387A420061143C /* UserDetailsSwiftUIApp */,
				220AE9F429387A420061143C /* Products */,
				2A937A762E5E6B2B3E360A8B /* Pods */,
				4A666000C5D959A3B0559796 /* Frameworks */,
			);
			sourceTree = "<group>";
		};
		220AE9F429387A420061143C /* Products */ = {
			isa = PBXGroup;
			children = (
				220AE9F329387A420061143C /* UserDetailsSwiftUIApp.app */,
			);
			name = Products;
			sourceTree = "<group>";
		};
		220AE9F529387A420061143C /* UserDetailsSwiftUIApp */ = {
			isa = PBXGroup;
			children = (
				220AE9F629387A420061143C /* UserDetailsSwiftUIAppApp.swift */,
				220AE9F829387A420061143C /* ContentView.swift */,
				22EB722E293886130050EB38 /* AddUserView.swift */,
				220AE9FA29387A430061143C /* Assets.xcassets */,
				220AE9FC29387A430061143C /* Preview Content */,
				22EB722A29387B830050EB38 /* UserModel.swift */,
				22EB722C29387C0C0050EB38 /* DB_Manager.swift */,
				22EB7230293889B40050EB38 /* EditUser.swift */,
			);
			path = UserDetailsSwiftUIApp;
			sourceTree = "<group>";
		};
		220AE9FC29387A430061143C /* Preview Content */ = {
			isa = PBXGroup;
			children = (
				220AE9FD29387A430061143C /* Preview Assets.xcassets */,
			);
			path = "Preview Content";
			sourceTree = "<group>";
		};
		2A937A762E5E6B2B3E360A8B /* Pods */ = {
			isa = PBXGroup;
			children = (
				1240F4AC80AFEF05CCEDEBD2 /* Pods-UserDetailsSwiftUIApp.debug.xcconfig */,
				ABA722CAA22B942500278EFC /* Pods-UserDetailsSwiftUIApp.release.xcconfig */,
			);
			path = Pods;
			sourceTree = "<group>";
		};
		4A666000C5D959A3B0559796 /* Frameworks */ = {
			isa = PBXGroup;
			children = (
				41F02A78BA3DDD7C9E84264B /* Pods_UserDetailsSwiftUIApp.framework */,
			);
			name = Frameworks;
			sourceTree = "<group>";
		};
/* End PBXGroup section */

/* Begin PBXNativeTarget section */
		220AE9F229387A420061143C /* UserDetailsSwiftUIApp */ = {
			isa = PBXNativeTarget;
			buildConfigurationList = 220AEA0129387A430061143C /* Build configuration list for PBXNativeTarget "UserDetailsSwiftUIApp" */;
			buildPhases = (
				03BD8E751BFBC73C39F8C03C /* [CP] Check Pods Manifest.lock */,
				220AE9EF29387A420061143C /* Sources */,
				220AE9F029387A420061143C /* Frameworks */,
				220AE9F129387A420061143C /* Resources */,
				5712F754A51F8EA0F74C769A /* [CP] Embed Pods Frameworks */,
			);
			buildRules = (
			);
			dependencies = (
			);
			name = UserDetailsSwiftUIApp;
			productName = UserDetailsSwiftUIApp;
			productReference = 220AE9F329387A420061143C /* UserDetailsSwiftUIApp.app */;
			productType = "com.apple.product-type.application";
		};
/* End PBXNativeTarget section */

/* Begin PBXProject section */
		220AE9EB29387A420061143C /* Project object */ = {
			isa = PBXProject;
			attributes = {
				BuildIndependentTargetsInParallel = 1;
				LastSwiftUpdateCheck = 1410;
				LastUpgradeCheck = 1410;
				TargetAttributes = {
					220AE9F229387A420061143C = {
						CreatedOnToolsVersion = 14.1;
					};
				};
			};
			buildConfigurationList = 220AE9EE29387A420061143C /* Build configuration list for PBXProject "UserDetailsSwiftUIApp" */;
			compatibilityVersion = "Xcode 14.0";
			developmentRegion = en;
			hasScannedForEncodings = 0;
			knownRegions = (
				en,
				Base,
			);
			mainGroup = 220AE9EA29387A420061143C;
			productRefGroup = 220AE9F429387A420061143C /* Products */;
			projectDirPath = "";
			projectRoot = "";
			targets = (
				220AE9F229387A420061143C /* UserDetailsSwiftUIApp */,
			);
		};
/* End PBXProject section */

/* Begin PBXResourcesBuildPhase section */
		220AE9F129387A420061143C /* Resources */ = {
			isa = PBXResourcesBuildPhase;
			buildActionMask = 2147483647;
			files = (
				220AE9FE29387A430061143C /* Preview Assets.xcassets in Resources */,
				220AE9FB29387A430061143C /* Assets.xcassets in Resources */,
			);
			runOnlyForDeploymentPostprocessing = 0;
		};
/* End PBXResourcesBuildPhase section */

/* Begin PBXShellScriptBuildPhase section */
		03BD8E751BFBC73C39F8C03C /* [CP] Check Pods Manifest.lock */ = {
			isa = PBXShellScriptBuildPhase;
			buildActionMask = 2147483647;
			files = (
			);
			inputFileListPaths = (
			);
			inputPaths = (
				"${PODS_PODFILE_DIR_PATH}/Podfile.lock",
				"${PODS_ROOT}/Manifest.lock",
			);
			name = "[CP] Check Pods Manifest.lock";
			outputFileListPaths = (
			);
			outputPaths = (
				"$(DERIVED_FILE_DIR)/Pods-UserDetailsSwiftUIApp-checkManifestLockResult.txt",
			);
			runOnlyForDeploymentPostprocessing = 0;
			shellPath = /bin/sh;
			shellScript = "diff \"${PODS_PODFILE_DIR_PATH}/Podfile.lock\" \"${PODS_ROOT}/Manifest.lock\" > /dev/null\nif [ $? != 0 ] ; then\n    # print error to STDERR\n    echo \"error: The sandbox is not in sync with the Podfile.lock. Run 'pod install' or update your CocoaPods installation.\" >&2\n    exit 1\nfi\n# This output is used by Xcode 'outputs' to avoid re-running this script phase.\necho \"SUCCESS\" > \"${SCRIPT_OUTPUT_FILE_0}\"\n";
			showEnvVarsInLog = 0;
		};
		5712F754A51F8EA0F74C769A /* [CP] Embed Pods Frameworks */ = {
			isa = PBXShellScriptBuildPhase;
			buildActionMask = 2147483647;
			files = (
			);
			inputFileListPaths = (
				"${PODS_ROOT}/Target Support Files/Pods-UserDetailsSwiftUIApp/Pods-UserDetailsSwiftUIApp-frameworks-${CONFIGURATION}-input-files.xcfilelist",
			);
			name = "[CP] Embed Pods Frameworks";
			outputFileListPaths = (
				"${PODS_ROOT}/Target Support Files/Pods-UserDetailsSwiftUIApp/Pods-UserDetailsSwiftUIApp-frameworks-${CONFIGURATION}-output-files.xcfilelist",
			);
			runOnlyForDeploymentPostprocessing = 0;
			shellPath = /bin/sh;
			shellScript = "\"${PODS_ROOT}/Target Support Files/Pods-UserDetailsSwiftUIApp/Pods-UserDetailsSwiftUIApp-frameworks.sh\"\n";
			showEnvVarsInLog = 0;
		};
/* End PBXShellScriptBuildPhase section */

/* Begin PBXSourcesBuildPhase section */
		220AE9EF29387A420061143C /* Sources */ = {
			isa = PBXSourcesBuildPhase;
			buildActionMask = 2147483647;
			files = (
				220AE9F929387A420061143C /* ContentView.swift in Sources */,
				22EB722B29387B830050EB38 /* UserModel.swift in Sources */,
				22EB722F293886130050EB38 /* AddUserView.swift in Sources */,
				220AE9F729387A420061143C /* UserDetailsSwiftUIAppApp.swift in Sources */,
				22EB7231293889B40050EB38 /* EditUser.swift in Sources */,
				22EB722D29387C0C0050EB38 /* DB_Manager.swift in Sources */,
			);
			runOnlyForDeploymentPostprocessing = 0;
		};
/* End PBXSourcesBuildPhase section */

/* Begin XCBuildConfiguration section */
		220AE9FF29387A430061143C /* Debug */ = {
			isa = XCBuildConfiguration;
			buildSettings = {
				ALWAYS_SEARCH_USER_PATHS = NO;
				CLANG_ANALYZER_NONNULL = YES;
				CLANG_ANALYZER_NUMBER_OBJECT_CONVERSION = YES_AGGRESSIVE;
				CLANG_CXX_LANGUAGE_STANDARD = "gnu++20";
				CLANG_ENABLE_MODULES = YES;
				CLANG_ENABLE_OBJC_ARC = YES;
				CLANG_ENABLE_OBJC_WEAK = YES;
				CLANG_WARN_BLOCK_CAPTURE_AUTORELEASING = YES;
				CLANG_WARN_BOOL_CONVERSION = YES;
				CLANG_WARN_COMMA = YES;
				CLANG_WARN_CONSTANT_CONVERSION = YES;
				CLANG_WARN_DEPRECATED_OBJC_IMPLEMENTATIONS = YES;
				CLANG_WARN_DIRECT_OBJC_ISA_USAGE = YES_ERROR;
				CLANG_WARN_DOCUMENTATION_COMMENTS = YES;
				CLANG_WARN_EMPTY_BODY = YES;
				CLANG_WARN_ENUM_CONVERSION = YES;
				CLANG_WARN_INFINITE_RECURSION = YES;
				CLANG_WARN_INT_CONVERSION = YES;
				CLANG_WARN_NON_LITERAL_NULL_CONVERSION = YES;
				CLANG_WARN_OBJC_IMPLICIT_RETAIN_SELF = YES;
				CLANG_WARN_OBJC_LITERAL_CONVERSION = YES;
				CLANG_WARN_OBJC_ROOT_CLASS = YES_ERROR;
				CLANG_WARN_QUOTED_INCLUDE_IN_FRAMEWORK_HEADER = YES;
				CLANG_WARN_RANGE_LOOP_ANALYSIS = YES;
				CLANG_WARN_STRICT_PROTOTYPES = YES;
				CLANG_WARN_SUSPICIOUS_MOVE = YES;
				CLANG_WARN_UNGUARDED_AVAILABILITY = YES_AGGRESSIVE;
				CLANG_WARN_UNREACHABLE_CODE = YES;
				CLANG_WARN__DUPLICATE_METHOD_MATCH = YES;
				COPY_PHASE_STRIP = NO;
				DEBUG_INFORMATION_FORMAT = dwarf;
				ENABLE_STRICT_OBJC_MSGSEND = YES;
				ENABLE_TESTABILITY = YES;
				GCC_C_LANGUAGE_STANDARD = gnu11;
				GCC_DYNAMIC_NO_PIC = NO;
				GCC_NO_COMMON_BLOCKS = YES;
				GCC_OPTIMIZATION_LEVEL = 0;
				GCC_PREPROCESSOR_DEFINITIONS = (
					"DEBUG=1",
					"$(inherited)",
				);
				GCC_WARN_64_TO_32_BIT_CONVERSION = YES;
				GCC_WARN_ABOUT_RETURN_TYPE = YES_ERROR;
				GCC_WARN_UNDECLARED_SELECTOR = YES;
				GCC_WARN_UNINITIALIZED_AUTOS = YES_AGGRESSIVE;
				GCC_WARN_UNUSED_FUNCTION = YES;
				GCC_WARN_UNUSED_VARIABLE = YES;
				IPHONEOS_DEPLOYMENT_TARGET = 16.1;
				MTL_ENABLE_DEBUG_INFO = INCLUDE_SOURCE;
				MTL_FAST_MATH = YES;
				ONLY_ACTIVE_ARCH = YES;
				SDKROOT = iphoneos;
				SWIFT_ACTIVE_COMPILATION_CONDITIONS = DEBUG;
				SWIFT_OPTIMIZATION_LEVEL = "-Onone";
			};
			name = Debug;
		};
		220AEA0029387A430061143C /* Release */ = {
			isa = XCBuildConfiguration;
			buildSettings = {
				ALWAYS_SEARCH_USER_PATHS = NO;
				CLANG_ANALYZER_NONNULL = YES;
				CLANG_ANALYZER_NUMBER_OBJECT_CONVERSION = YES_AGGRESSIVE;
				CLANG_CXX_LANGUAGE_STANDARD = "gnu++20";
				CLANG_ENABLE_MODULES = YES;
				CLANG_ENABLE_OBJC_ARC = YES;
				CLANG_ENABLE_OBJC_WEAK = YES;
				CLANG_WARN_BLOCK_CAPTURE_AUTORELEASING = YES;
				CLANG_WARN_BOOL_CONVERSION = YES;
				CLANG_WARN_COMMA = YES;
				CLANG_WARN_CONSTANT_CONVERSION = YES;
				CLANG_WARN_DEPRECATED_OBJC_IMPLEMENTATIONS = YES;
				CLANG_WARN_DIRECT_OBJC_ISA_USAGE = YES_ERROR;
				CLANG_WARN_DOCUMENTATION_COMMENTS = YES;
				CLANG_WARN_EMPTY_BODY = YES;
				CLANG_WARN_ENUM_CONVERSION = YES;
				CLANG_WARN_INFINITE_RECURSION = YES;
				CLANG_WARN_INT_CONVERSION = YES;
				CLANG_WARN_NON_LITERAL_NULL_CONVERSION = YES;
				CLANG_WARN_OBJC_IMPLICIT_RETAIN_SELF = YES;
				CLANG_WARN_OBJC_LITERAL_CONVERSION = YES;
				CLANG_WARN_OBJC_ROOT_CLASS = YES_ERROR;
				CLANG_WARN_QUOTED_INCLUDE_IN_FRAMEWORK_HEADER = YES;
				CLANG_WARN_RANGE_LOOP_ANALYSIS = YES;
				CLANG_WARN_STRICT_PROTOTYPES = YES;
				CLANG_WARN_SUSPICIOUS_MOVE = YES;
				CLANG_WARN_UNGUARDED_AVAILABILITY = YES_AGGRESSIVE;
				CLANG_WARN_UNREACHABLE_CODE = YES;
				CLANG_WARN__DUPLICATE_METHOD_MATCH = YES;
				COPY_PHASE_STRIP = NO;
				DEBUG_INFORMATION_FORMAT = "dwarf-with-dsym";
				ENABLE_NS_ASSERTIONS = NO;
				ENABLE_STRICT_OBJC_MSGSEND = YES;
				GCC_C_LANGUAGE_STANDARD = gnu11;
				GCC_NO_COMMON_BLOCKS = YES;
				GCC_WARN_64_TO_32_BIT_CONVERSION = YES;
				GCC_WARN_ABOUT_RETURN_TYPE = YES_ERROR;
				GCC_WARN_UNDECLARED_SELECTOR = YES;
				GCC_WARN_UNINITIALIZED_AUTOS = YES_AGGRESSIVE;
				GCC_WARN_UNUSED_FUNCTION = YES;
				GCC_WARN_UNUSED_VARIABLE = YES;
				IPHONEOS_DEPLOYMENT_TARGET = 16.1;
				MTL_ENABLE_DEBUG_INFO = NO;
				MTL_FAST_MATH = YES;
				SDKROOT = iphoneos;
				SWIFT_COMPILATION_MODE = wholemodule;
				SWIFT_OPTIMIZATION_LEVEL = "-O";
				VALIDATE_PRODUCT = YES;
			};
			name = Release;
		};
		220AEA0229387A430061143C /* Debug */ = {
			isa = XCBuildConfiguration;
			baseConfigurationReference = 1240F4AC80AFEF05CCEDEBD2 /* Pods-UserDetailsSwiftUIApp.debug.xcconfig */;
			buildSettings = {
				ASSETCATALOG_COMPILER_APPICON_NAME = AppIcon;
				ASSETCATALOG_COMPILER_GLOBAL_ACCENT_COLOR_NAME = AccentColor;
				CODE_SIGN_STYLE = Automatic;
				CURRENT_PROJECT_VERSION = 1;
				DEVELOPMENT_ASSET_PATHS = "\"UserDetailsSwiftUIApp/Preview Content\"";
				ENABLE_PREVIEWS = YES;
				GENERATE_INFOPLIST_FILE = YES;
				INFOPLIST_KEY_UIApplicationSceneManifest_Generation = YES;
				INFOPLIST_KEY_UIApplicationSupportsIndirectInputEvents = YES;
				INFOPLIST_KEY_UILaunchScreen_Generation = YES;
				INFOPLIST_KEY_UISupportedInterfaceOrientations_iPad = "UIInterfaceOrientationPortrait UIInterfaceOrientationPortraitUpsideDown UIInterfaceOrientationLandscapeLeft UIInterfaceOrientationLandscapeRight";
				INFOPLIST_KEY_UISupportedInterfaceOrientations_iPhone = "UIInterfaceOrientationPortrait UIInterfaceOrientationLandscapeLeft UIInterfaceOrientationLandscapeRight";
				LD_RUNPATH_SEARCH_PATHS = (
					"$(inherited)",
					"@executable_path/Frameworks",
				);
				MARKETING_VERSION = 1.0;
				PRODUCT_BUNDLE_IDENTIFIER = com.nextgen.UserDetailsSwiftUIApp;
				PRODUCT_NAME = "$(TARGET_NAME)";
				SWIFT_EMIT_LOC_STRINGS = YES;
				SWIFT_VERSION = 5.0;
				TARGETED_DEVICE_FAMILY = "1,2";
			};
			name = Debug;
		};
		220AEA0329387A430061143C /* Release */ = {
			isa = XCBuildConfiguration;
			baseConfigurationReference = ABA722CAA22B942500278EFC /* Pods-UserDetailsSwiftUIApp.release.xcconfig */;
			buildSettings = {
				ASSETCATALOG_COMPILER_APPICON_NAME = AppIcon;
				ASSETCATALOG_COMPILER_GLOBAL_ACCENT_COLOR_NAME = AccentColor;
				CODE_SIGN_STYLE = Automatic;
				CURRENT_PROJECT_VERSION = 1;
				DEVELOPMENT_ASSET_PATHS = "\"UserDetailsSwiftUIApp/Preview Content\"";
				ENABLE_PREVIEWS = YES;
				GENERATE_INFOPLIST_FILE = YES;
				INFOPLIST_KEY_UIApplicationSceneManifest_Generation = YES;
				INFOPLIST_KEY_UIApplicationSupportsIndirectInputEvents = YES;
				INFOPLIST_KEY_UILaunchScreen_Generation = YES;
				INFOPLIST_KEY_UISupportedInterfaceOrientations_iPad = "UIInterfaceOrientationPortrait UIInterfaceOrientationPortraitUpsideDown UIInterfaceOrientationLandscapeLeft UIInterfaceOrientationLandscapeRight";
				INFOPLIST_KEY_UISupportedInterfaceOrientations_iPhone = "UIInterfaceOrientationPortrait UIInterfaceOrientationLandscapeLeft UIInterfaceOrientationLandscapeRight";
				LD_RUNPATH_SEARCH_PATHS = (
					"$(inherited)",
					"@executable_path/Frameworks",
				);
				MARKETING_VERSION = 1.0;
				PRODUCT_BUNDLE_IDENTIFIER = com.nextgen.UserDetailsSwiftUIApp;
				PRODUCT_NAME = "$(TARGET_NAME)";
				SWIFT_EMIT_LOC_STRINGS = YES;
				SWIFT_VERSION = 5.0;
				TARGETED_DEVICE_FAMILY = "1,2";
			};
			name = Release;
		};
/* End XCBuildConfiguration section */

/* Begin XCConfigurationList section */
		220AE9EE29387A420061143C /* Build configuration list for PBXProject "UserDetailsSwiftUIApp" */ = {
			isa = XCConfigurationList;
			buildConfigurations = (
				220AE9FF29387A430061143C /* Debug */,
				220AEA0029387A430061143C /* Release */,
			);
			defaultConfigurationIsVisible = 0;
			defaultConfigurationName = Release;
		};
		220AEA0129387A430061143C /* Build configuration list for PBXNativeTarget "UserDetailsSwiftUIApp" */ = {
			isa = XCConfigurationList;
			buildConfigurations = (
				220AEA0229387A430061143C /* Debug */,
				220AEA0329387A430061143C /* Release */,
			);
			defaultConfigurationIsVisible = 0;
			defaultConfigurationName = Release;
		};
/* End XCConfigurationList section */
	};
	rootObject = 220AE9EB29387A420061143C /* Project object */;
}
